
Microsoft Visual Studio Solution File, Format Version 12.00
# Visual Studio 14
VisualStudioVersion = 14.0.25420.1
MinimumVisualStudioVersion = 10.0.40219.1
Project("{F2A71F9B-5D33-465A-A702-920D77279786}") = "ITunesDecoder", "ITunesDecoder\ITunesDecoder.fsproj", "{503111F8-9BAA-408D-A6D8-9E9B127DF595}"
EndProject
Project("{2150E333-8FDC-42A3-9474-1A3956D46DE8}") = "Solution Items", "Solution Items", "{5992B924-5EC9-427E-BE20-B5E1C2356C4B}"
	ProjectSection(SolutionItems) = preProject
		.gitignore = .gitignore
		paket.dependencies = paket.dependencies
		paket.lock = paket.lock
		ReadMe.md = ReadMe.md
	EndProjectSection
EndProject
Global
	GlobalSection(SolutionConfigurationPlatforms) = preSolution
		Debug|Any CPU = Debug|Any CPU
		Release|Any CPU = Release|Any CPU
	EndGlobalSection
	GlobalSection(ProjectConfigurationPlatforms) = postSolution
		{503111F8-9BAA-408D-A6D8-9E9B127DF595}.Debug|Any CPU.ActiveCfg = Debug|Any CPU
		{503111F8-9BAA-408D-A6D8-9E9B127DF595}.Debug|Any CPU.Build.0 = Debug|Any CPU
		{503111F8-9BAA-408D-A6D8-9E9B127DF595}.Release|Any CPU.ActiveCfg = Release|Any CPU
		{503111F8-9BAA-408D-A6D8-9E9B127DF595}.Release|Any CPU.Build.0 = Release|Any CPU
	EndGlobalSection
	GlobalSection(SolutionProperties) = preSolution
		HideSolutionNode = FALSE
	EndGlobalSection
EndGlobal
